
Microsoft Visual Studio Solution File, Format Version 12.00
# Visual Studio 15
VisualStudioVersion = 15.0.28010.2050
MinimumVisualStudioVersion = 10.0.40219.1
Project("{8BC9CEB8-8B4A-11D0-8D11-00A0C91BC942}") = "Cct", "..\Cct\Cct.vcxproj", "{F26C167A-9ADA-495B-A0EA-BE44A3E6CA7D}"
EndProject
Project("{8BC9CEB8-8B4A-11D0-8D11-00A0C91BC942}") = "Ng", "..\Ng\Ng.vcxproj", "{1BCFE830-B7AE-492E-8930-AA2CC24517E2}"
EndProject
Project("{8BC9CEB8-8B4A-11D0-8D11-00A0C91BC942}") = "Lgt", "..\Lgt\Lgt.vcxproj", "{A20AD46B-318B-4D7F-AA5B-75DEA3DDDD57}"
EndProject
Global
	GlobalSection(SolutionConfigurationPlatforms) = preSolution
		Debug|x64 = Debug|x64
		Debug|x86 = Debug|x86
		Release|x64 = Release|x64
		Release|x86 = Release|x86
	EndGlobalSection
	GlobalSection(ProjectConfigurationPlatforms) = postSolution
		{F26C167A-9ADA-495B-A0EA-BE44A3E6CA7D}.Debug|x64.ActiveCfg = Debug|x64
		{F26C167A-9ADA-495B-A0EA-BE44A3E6CA7D}.Debug|x64.Build.0 = Debug|x64
		{F26C167A-9ADA-495B-A0EA-BE44A3E6CA7D}.Debug|x86.ActiveCfg = Debug|Win32
		{F26C167A-9ADA-495B-A0EA-BE44A3E6CA7D}.Debug|x86.Build.0 = Debug|Win32
		{F26C167A-9ADA-495B-A0EA-BE44A3E6CA7D}.Release|x64.ActiveCfg = Release|x64
		{F26C167A-9ADA-495B-A0EA-BE44A3E6CA7D}.Release|x64.Build.0 = Release|x64
		{F26C167A-9ADA-495B-A0EA-BE44A3E6CA7D}.Release|x86.ActiveCfg = Release|Win32
		{F26C167A-9ADA-495B-A0EA-BE44A3E6CA7D}.Release|x86.Build.0 = Release|Win32
		{1BCFE830-B7AE-492E-8930-AA2CC24517E2}.Debug|x64.ActiveCfg = Debug|x64
		{1BCFE830-B7AE-492E-8930-AA2CC24517E2}.Debug|x64.Build.0 = Debug|x64
		{1BCFE830-B7AE-492E-8930-AA2CC24517E2}.Debug|x86.ActiveCfg = Debug|Win32
		{1BCFE830-B7AE-492E-8930-AA2CC24517E2}.Debug|x86.Build.0 = Debug|Win32
		{1BCFE830-B7AE-492E-8930-AA2CC24517E2}.Release|x64.ActiveCfg = Release|x64
		{1BCFE830-B7AE-492E-8930-AA2CC24517E2}.Release|x64.Build.0 = Release|x64
		{1BCFE830-B7AE-492E-8930-AA2CC24517E2}.Release|x86.ActiveCfg = Release|Win32
		{1BCFE830-B7AE-492E-8930-AA2CC24517E2}.Release|x86.Build.0 = Release|Win32
		{A20AD46B-318B-4D7F-AA5B-75DEA3DDDD57}.Debug|x64.ActiveCfg = Debug|x64
		{A20AD46B-318B-4D7F-AA5B-75DEA3DDDD57}.Debug|x64.Build.0 = Debug|x64
		{A20AD46B-318B-4D7F-AA5B-75DEA3DDDD57}.Debug|x86.ActiveCfg = Debug|Win32
		{A20AD46B-318B-4D7F-AA5B-75DEA3DDDD57}.Debug|x86.Build.0 = Debug|Win32
		{A20AD46B-318B-4D7F-AA5B-75DEA3DDDD57}.Release|x64.ActiveCfg = Release|x64
		{A20AD46B-318B-4D7F-AA5B-75DEA3DDDD57}.Release|x64.Build.0 = Release|x64
		{A20AD46B-318B-4D7F-AA5B-75DEA3DDDD57}.Release|x86.ActiveCfg = Release|Win32
		{A20AD46B-318B-4D7F-AA5B-75DEA3DDDD57}.Release|x86.Build.0 = Release|Win32
	EndGlobalSection
	GlobalSection(SolutionProperties) = preSolution
		HideSolutionNode = FALSE
	EndGlobalSection
	GlobalSection(ExtensibilityGlobals) = postSolution
		SolutionGuid = {C4FD0DE7-BA0C-4E98-AB7D-E19367555919}
	EndGlobalSection
EndGlobal
